{
  "requires": true,
  "lockfileVersion": 1,
  "dependencies": {
    "wrex-palindrome": {
      "version": "0.1.0",
      "resolved": "https://registry.npmjs.org/wrex-palindrome/-/wrex-palindrome-0.1.0.tgz",
      "integrity": "sha512-qrlH5pFDXp409U8KI95aPDJkwuNq0AQT4LabeH0WiVtMU0Ym7r526yonhKHkWHYx/LHDGYf+/zRtyPUnUfmNOw=="
    }
  }
}
